<?xml version="1.0" encoding="utf-8"?>
<Project ToolsVersion="4.0" xmlns="http://schemas.microsoft.com/developer/msbuild/2003">
  <ItemGroup>
    <Filter Include="Source Files">
      <UniqueIdentifier>{4FC737F1-C7A5-4376-A066-2A32D752A2FF}</UniqueIdentifier>
      <Extensions>cpp;c;cc;cxx;def;odl;idl;hpj;bat;asm;asmx</Extensions>
    </Filter>
    <Filter Include="Header Files">
      <UniqueIdentifier>{93995380-89BD-4b04-88EB-625FBE52EBFB}</UniqueIdentifier>
      <Extensions>h;hh;hpp;hxx;hm;inl;inc;xsd</Extensions>
    </Filter>
    <Filter Include="Resource Files">
      <UniqueIdentifier>{67DA6AB6-F800-4c08-8B7A-83BB121AAD01}</UniqueIdentifier>
      <Extensions>rc;ico;cur;bmp;dlg;rc2;rct;bin;rgs;gif;jpg;jpeg;jpe;resx;tiff;tif;png;wav;mfcribbon-ms</Extensions>
    </Filter>
    <Filter Include="Header Files\ethernet">
      <UniqueIdentifier>{535477c9-98f9-4d52-a8a3-fbb98a8b6218}</UniqueIdentifier>
    </Filter>
  </ItemGroup>
  <ItemGroup>
    <None Include="Meteo.ino" />
  </ItemGroup>
  <ItemGroup>
    <ClInclude Include="Visual Micro\.Meteo.vsarduino.h">
      <Filter>Header Files</Filter>
    </ClInclude>
    <ClInclude Include="E:\Arduino\libraries\SPI\SPI.h">
      <Filter>Header Files</Filter>
    </ClInclude>
    <ClInclude Include="resource.h">
      <Filter>Header Files</Filter>
    </ClInclude>
    <ClInclude Include="ethernet\enc28j60.h">
      <Filter>Header Files</Filter>
    </ClInclude>
    <ClInclude Include="ethernet\EtherCard.h">
      <Filter>Header Files</Filter>
    </ClInclude>
    <ClInclude Include="ethernet\net.h">
      <Filter>Header Files</Filter>
    </ClInclude>
  </ItemGroup>
  <ItemGroup>
    <ClCompile Include="E:\Arduino\libraries\SPI\SPI.cpp">
      <Filter>Header Files</Filter>
    </ClCompile>
    <ClCompile Include="ethernet\webutil.cpp">
      <Filter>Header Files</Filter>
    </ClCompile>
    <ClCompile Include="ethernet\dhcp.cpp">
      <Filter>Header Files</Filter>
    </ClCompile>
    <ClCompile Include="ethernet\dns.cpp">
      <Filter>Header Files</Filter>
    </ClCompile>
    <ClCompile Include="ethernet\enc28j60.cpp">
      <Filter>Header Files</Filter>
    </ClCompile>
    <ClCompile Include="ethernet\EtherCard.cpp">
      <Filter>Header Files</Filter>
    </ClCompile>
    <ClCompile Include="ethernet\tcpip.cpp">
      <Filter>Header Files</Filter>
    </ClCompile>
    <ClCompile Include="ethernet\udpserver.cpp">
      <Filter>Header Files</Filter>
    </ClCompile>
  </ItemGroup>
  <ItemGroup>
    <ResourceCompile Include="Meteo.rc">
      <Filter>Resource Files</Filter>
    </ResourceCompile>
  </ItemGroup>
</Project>